{
  "name": "YoutubeWhisper",
  "lockfileVersion": 3,
  "requires": true,
  "packages": {
    "": {
      "dependencies": {
        "@timur00kh/whisper.wasm": "^0.0.7-canary.af8cb6a"
      }
    },
    "node_modules/@timur00kh/whisper.wasm": {
      "version": "0.0.7-canary.af8cb6a",
      "resolved": "https://registry.npmjs.org/@timur00kh/whisper.wasm/-/whisper.wasm-0.0.7-canary.af8cb6a.tgz",
      "integrity": "sha512-NQRWo8C4O9N/ENjoAUbTzN4a3RlliNvF2lIS4hRjk6EtpQ+zRGYILDQsB9Br6JBB5e6G96dIeyS0ENVo4ZYewQ==",
      "license": "MIT",
      "dependencies": {
        "wasm-feature-detect": "^1.8.0"
      },
      "engines": {
        "node": ">=18.0.0"
      }
    },
    "node_modules/wasm-feature-detect": {
      "version": "1.8.0",
      "resolved": "https://registry.npmjs.org/wasm-feature-detect/-/wasm-feature-detect-1.8.0.tgz",
      "integrity": "sha512-zksaLKM2fVlnB5jQQDqKXXwYHLQUVH9es+5TOOHwGOVJOCeRBCiPjwSg+3tN2AdTCzjgli4jijCH290kXb/zWQ==",
      "license": "Apache-2.0"
    }
  }
}
